// !$*UTF8*$!
{
	archiveVersion = 1;
	classes = {
	};
	objectVersion = 46;
	objects = {

/* Begin PBXBuildFile section */
		62FD51EB1F4B9DC90022CE66 /* main.m in Sources */ = {isa = PBXBuildFile; fileRef = 62FD51EA1F4B9DC90022CE66 /* main.m */; };
		62FD51EE1F4B9DC90022CE66 /* AppDelegate.m in Sources */ = {isa = PBXBuildFile; fileRef = 62FD51ED1F4B9DC90022CE66 /* AppDelegate.m */; };
		62FD51F61F4B9DC90022CE66 /* Assets.xcassets in Resources */ = {isa = PBXBuildFile; fileRef = 62FD51F51F4B9DC90022CE66 /* Assets.xcassets */; };
		62FD51F91F4B9DC90022CE66 /* LaunchScreen.storyboard in Resources */ = {isa = PBXBuildFile; fileRef = 62FD51F71F4B9DC90022CE66 /* LaunchScreen.storyboard */; };
		62FD52041F4B9DC90022CE66 /* Bowling_GameTests.m in Sources */ = {isa = PBXBuildFile; fileRef = 62FD52031F4B9DC90022CE66 /* Bowling_GameTests.m */; };
/* End PBXBuildFile section */

/* Begin PBXContainerItemProxy section */
		62FD52001F4B9DC90022CE66 /* PBXContainerItemProxy */ = {
			isa = PBXContainerItemProxy;
			containerPortal = 62FD51DE1F4B9DC90022CE66 /* Project object */;
			proxyType = 1;
			remoteGlobalIDString = 62FD51E51F4B9DC90022CE66;
			remoteInfo = "Bowling Game";
		};
/* End PBXContainerItemProxy section */

/* Begin PBXFileReference section */
		62FD51E61F4B9DC90022CE66 /* Bowling Game.app */ = {isa = PBXFileReference; explicitFileType = wrapper.application; includeInIndex = 0; path = "Bowling Game.app"; sourceTree = BUILT_PRODUCTS_DIR; };
		62FD51EA1F4B9DC90022CE66 /* main.m */ = {isa = PBXFileReference; lastKnownFileType = sourcecode.c.objc; path = main.m; sourceTree = "<group>"; };
		62FD51EC1F4B9DC90022CE66 /* AppDelegate.h */ = {isa = PBXFileReference; lastKnownFileType = sourcecode.c.h; path = AppDelegate.h; sourceTree = "<group>"; };
		62FD51ED1F4B9DC90022CE66 /* AppDelegate.m */ = {isa = PBXFileReference; lastKnownFileType = sourcecode.c.objc; path = AppDelegate.m; sourceTree = "<group>"; };
		62FD51F51F4B9DC90022CE66 /* Assets.xcassets */ = {isa = PBXFileReference; lastKnownFileType = folder.assetcatalog; path = Assets.xcassets; sourceTree = "<group>"; };
		62FD51F81F4B9DC90022CE66 /* Base */ = {isa = PBXFileReference; lastKnownFileType = file.storyboard; name = Base; path = Base.lproj/LaunchScreen.storyboard; sourceTree = "<group>"; };
		62FD51FA1F4B9DC90022CE66 /* Info.plist */ = {isa = PBXFileReference; lastKnownFileType = text.plist.xml; path = Info.plist; sourceTree = "<group>"; };
		62FD51FF1F4B9DC90022CE66 /* Bowling GameTests.xctest */ = {isa = PBXFileReference; explicitFileType = wrapper.cfbundle; includeInIndex = 0; path = "Bowling GameTests.xctest"; sourceTree = BUILT_PRODUCTS_DIR; };
		62FD52031F4B9DC90022CE66 /* Bowling_GameTests.m */ = {isa = PBXFileReference; lastKnownFileType = sourcecode.c.objc; path = Bowling_GameTests.m; sourceTree = "<group>"; };
		62FD52051F4B9DC90022CE66 /* Info.plist */ = {isa = PBXFileReference; lastKnownFileType = text.plist.xml; path = Info.plist; sourceTree = "<group>"; };
/* End PBXFileReference section */

/* Begin PBXFrameworksBuildPhase section */
		62FD51E31F4B9DC90022CE66 /* Frameworks */ = {
			isa = PBXFrameworksBuildPhase;
			buildActionMask = 2147483647;
			files = (
			);
			runOnlyForDeploymentPostprocessing = 0;
		};
		62FD51FC1F4B9DC90022CE66 /* Frameworks */ = {
			isa = PBXFrameworksBuildPhase;
			buildActionMask = 2147483647;
			files = (
			);
			runOnlyForDeploymentPostprocessing = 0;
		};
/* End PBXFrameworksBuildPhase section */

/* Begin PBXGroup section */
		62FD51DD1F4B9DC90022CE66 = {
			isa = PBXGroup;
			children = (
				62FD51E81F4B9DC90022CE66 /* Bowling Game */,
				62FD52021F4B9DC90022CE66 /* Bowling GameTests */,
				62FD51E71F4B9DC90022CE66 /* Products */,
			);
			sourceTree = "<group>";
		};
		62FD51E71F4B9DC90022CE66 /* Products */ = {
			isa = PBXGroup;
			children = (
				62FD51E61F4B9DC90022CE66 /* Bowling Game.app */,
				62FD51FF1F4B9DC90022CE66 /* Bowling GameTests.xctest */,
			);
			name = Products;
			sourceTree = "<group>";
		};
		62FD51E81F4B9DC90022CE66 /* Bowling Game */ = {
			isa = PBXGroup;
			children = (
				62FD51EC1F4B9DC90022CE66 /* AppDelegate.h */,
				62FD51ED1F4B9DC90022CE66 /* AppDelegate.m */,
				62FD51F51F4B9DC90022CE66 /* Assets.xcassets */,
				62FD51F71F4B9DC90022CE66 /* LaunchScreen.storyboard */,
				62FD51FA1F4B9DC90022CE66 /* Info.plist */,
				62FD51E91F4B9DC90022CE66 /* Supporting Files */,
			);
			path = "Bowling Game";
			sourceTree = "<group>";
		};
		62FD51E91F4B9DC90022CE66 /* Supporting Files */ = {
			isa = PBXGroup;
			children = (
				62FD51EA1F4B9DC90022CE66 /* main.m */,
			);
			name = "Supporting Files";
			sourceTree = "<group>";
		};
		62FD52021F4B9DC90022CE66 /* Bowling GameTests */ = {
			isa = PBXGroup;
			children = (
				62FD52031F4B9DC90022CE66 /* Bowling_GameTests.m */,
				62FD52051F4B9DC90022CE66 /* Info.plist */,
			);
			path = "Bowling GameTests";
			sourceTree = "<group>";
		};
/* End PBXGroup section */

/* Begin PBXNativeTarget section */
		62FD51E51F4B9DC90022CE66 /* Bowling Game */ = {
			isa = PBXNativeTarget;
			buildConfigurationList = 62FD52081F4B9DC90022CE66 /* Build configuration list for PBXNativeTarget "Bowling Game" */;
			buildPhases = (
				62FD51E21F4B9DC90022CE66 /* Sources */,
				62FD51E31F4B9DC90022CE66 /* Frameworks */,
				62FD51E41F4B9DC90022CE66 /* Resources */,
			);
			buildRules = (
			);
			dependencies = (
			);
			name = "Bowling Game";
			productName = "Bowling Game";
			productReference = 62FD51E61F4B9DC90022CE66 /* Bowling Game.app */;
			productType = "com.apple.product-type.application";
		};
		62FD51FE1F4B9DC90022CE66 /* Bowling GameTests */ = {
			isa = PBXNativeTarget;
			buildConfigurationList = 62FD520B1F4B9DC90022CE66 /* Build configuration list for PBXNativeTarget "Bowling GameTests" */;
			buildPhases = (
				62FD51FB1F4B9DC90022CE66 /* Sources */,
				62FD51FC1F4B9DC90022CE66 /* Frameworks */,
				62FD51FD1F4B9DC90022CE66 /* Resources */,
			);
			buildRules = (
			);
			dependencies = (
				62FD52011F4B9DC90022CE66 /* PBXTargetDependency */,
			);
			name = "Bowling GameTests";
			productName = "Bowling GameTests";
			productReference = 62FD51FF1F4B9DC90022CE66 /* Bowling GameTests.xctest */;
			productType = "com.apple.product-type.bundle.unit-test";
		};
/* End PBXNativeTarget section */

/* Begin PBXProject section */
		62FD51DE1F4B9DC90022CE66 /* Project object */ = {
			isa = PBXProject;
			attributes = {
				LastUpgradeCheck = 0820;
				ORGANIZATIONNAME = "Roberto Halgravez";
				TargetAttributes = {
					62FD51E51F4B9DC90022CE66 = {
						CreatedOnToolsVersion = 8.2.1;
						ProvisioningStyle = Automatic;
					};
					62FD51FE1F4B9DC90022CE66 = {
						CreatedOnToolsVersion = 8.2.1;
						ProvisioningStyle = Automatic;
						TestTargetID = 62FD51E51F4B9DC90022CE66;
					};
				};
			};
			buildConfigurationList = 62FD51E11F4B9DC90022CE66 /* Build configuration list for PBXProject "Bowling Game" */;
			compatibilityVersion = "Xcode 3.2";
			developmentRegion = English;
			hasScannedForEncodings = 0;
			knownRegions = (
				en,
				Base,
			);
			mainGroup = 62FD51DD1F4B9DC90022CE66;
			productRefGroup = 62FD51E71F4B9DC90022CE66 /* Products */;
			projectDirPath = "";
			projectRoot = "";
			targets = (
				62FD51E51F4B9DC90022CE66 /* Bowling Game */,
				62FD51FE1F4B9DC90022CE66 /* Bowling GameTests */,
			);
		};
/* End PBXProject section */

/* Begin PBXResourcesBuildPhase section */
		62FD51E41F4B9DC90022CE66 /* Resources */ = {
			isa = PBXResourcesBuildPhase;
			buildActionMask = 2147483647;
			files = (
				62FD51F91F4B9DC90022CE66 /* LaunchScreen.storyboard in Resources */,
				62FD51F61F4B9DC90022CE66 /* Assets.xcassets in Resources */,
			);
			runOnlyForDeploymentPostprocessing = 0;
		};
		62FD51FD1F4B9DC90022CE66 /* Resources */ = {
			isa = PBXResourcesBuildPhase;
			buildActionMask = 2147483647;
			files = (
			);
			runOnlyForDeploymentPostprocessing = 0;
		};
/* End PBXResourcesBuildPhase section */

/* Begin PBXSourcesBuildPhase section */
		62FD51E21F4B9DC90022CE66 /* Sources */ = {
			isa = PBXSourcesBuildPhase;
			buildActionMask = 2147483647;
			files = (
				62FD51EE1F4B9DC90022CE66 /* AppDelegate.m in Sources */,
				62FD51EB1F4B9DC90022CE66 /* main.m in Sources */,
			);
			runOnlyForDeploymentPostprocessing = 0;
		};
		62FD51FB1F4B9DC90022CE66 /* Sources */ = {
			isa = PBXSourcesBuildPhase;
			buildActionMask = 2147483647;
			files = (
				62FD52041F4B9DC90022CE66 /* Bowling_GameTests.m in Sources */,
			);
			runOnlyForDeploymentPostprocessing = 0;
		};
/* End PBXSourcesBuildPhase section */

/* Begin PBXTargetDependency section */
		62FD52011F4B9DC90022CE66 /* PBXTargetDependency */ = {
			isa = PBXTargetDependency;
			target = 62FD51E51F4B9DC90022CE66 /* Bowling Game */;
			targetProxy = 62FD52001F4B9DC90022CE66 /* PBXContainerItemProxy */;
		};
/* End PBXTargetDependency section */

/* Begin PBXVariantGroup section */
		62FD51F71F4B9DC90022CE66 /* LaunchScreen.storyboard */ = {
			isa = PBXVariantGroup;
			children = (
				62FD51F81F4B9DC90022CE66 /* Base */,
			);
			name = LaunchScreen.storyboard;
			sourceTree = "<group>";
		};
/* End PBXVariantGroup section */

/* Begin XCBuildConfiguration section */
		62FD52061F4B9DC90022CE66 /* Debug */ = {
			isa = XCBuildConfiguration;
			buildSettings = {
				ALWAYS_SEARCH_USER_PATHS = NO;
				CLANG_ANALYZER_NONNULL = YES;
				CLANG_CXX_LANGUAGE_STANDARD = "gnu++0x";
				CLANG_CXX_LIBRARY = "libc++";
				CLANG_ENABLE_MODULES = YES;
				CLANG_ENABLE_OBJC_ARC = YES;
				CLANG_WARN_BOOL_CONVERSION = YES;
				CLANG_WARN_CONSTANT_CONVERSION = YES;
				CLANG_WARN_DIRECT_OBJC_ISA_USAGE = YES_ERROR;
				CLANG_WARN_DOCUMENTATION_COMMENTS = YES;
				CLANG_WARN_EMPTY_BODY = YES;
				CLANG_WARN_ENUM_CONVERSION = YES;
				CLANG_WARN_INFINITE_RECURSION = YES;
				CLANG_WARN_INT_CONVERSION = YES;
				CLANG_WARN_OBJC_ROOT_CLASS = YES_ERROR;
				CLANG_WARN_SUSPICIOUS_MOVE = YES;
				CLANG_WARN_UNREACHABLE_CODE = YES;
				CLANG_WARN__DUPLICATE_METHOD_MATCH = YES;
				"CODE_SIGN_IDENTITY[sdk=iphoneos*]" = "iPhone Developer";
				COPY_PHASE_STRIP = NO;
				DEBUG_INFORMATION_FORMAT = dwarf;
				ENABLE_STRICT_OBJC_MSGSEND = YES;
				ENABLE_TESTABILITY = YES;
				GCC_C_LANGUAGE_STANDARD = gnu99;
				GCC_DYNAMIC_NO_PIC = NO;
				GCC_NO_COMMON_BLOCKS = YES;
				GCC_OPTIMIZATION_LEVEL = 0;
				GCC_PREPROCESSOR_DEFINITIONS = (
					"DEBUG=1",
					"$(inherited)",
				);
				GCC_WARN_64_TO_32_BIT_CONVERSION = YES;
				GCC_WARN_ABOUT_RETURN_TYPE = YES_ERROR;
				GCC_WARN_UNDECLARED_SELECTOR = YES;
				GCC_WARN_UNINITIALIZED_AUTOS = YES_AGGRESSIVE;
				GCC_WARN_UNUSED_FUNCTION = YES;
				GCC_WARN_UNUSED_VARIABLE = YES;
				IPHONEOS_DEPLOYMENT_TARGET = 10.2;
				MTL_ENABLE_DEBUG_INFO = YES;
				ONLY_ACTIVE_ARCH = YES;
				SDKROOT = iphoneos;
			};
			name = Debug;
		};
		62FD52071F4B9DC90022CE66 /* Release */ = {
			isa = XCBuildConfiguration;
			buildSettings = {
				ALWAYS_SEARCH_USER_PATHS = NO;
				CLANG_ANALYZER_NONNULL = YES;
				CLANG_CXX_LANGUAGE_STANDARD = "gnu++0x";
				CLANG_CXX_LIBRARY = "libc++";
				CLANG_ENABLE_MODULES = YES;
				CLANG_ENABLE_OBJC_ARC = YES;
				CLANG_WARN_BOOL_CONVERSION = YES;
				CLANG_WARN_CONSTANT_CONVERSION = YES;
				CLANG_WARN_DIRECT_OBJC_ISA_USAGE = YES_ERROR;
				CLANG_WARN_DOCUMENTATION_COMMENTS = YES;
				CLANG_WARN_EMPTY_BODY = YES;
				CLANG_WARN_ENUM_CONVERSION = YES;
				CLANG_WARN_INFINITE_RECURSION = YES;
				CLANG_WARN_INT_CONVERSION = YES;
				CLANG_WARN_OBJC_ROOT_CLASS = YES_ERROR;
				CLANG_WARN_SUSPICIOUS_MOVE = YES;
				CLANG_WARN_UNREACHABLE_CODE = YES;
				CLANG_WARN__DUPLICATE_METHOD_MATCH = YES;
				"CODE_SIGN_IDENTITY[sdk=iphoneos*]" = "iPhone Developer";
				COPY_PHASE_STRIP = NO;
				DEBUG_INFORMATION_FORMAT = "dwarf-with-dsym";
				ENABLE_NS_ASSERTIONS = NO;
				ENABLE_STRICT_OBJC_MSGSEND = YES;
				GCC_C_LANGUAGE_STANDARD = gnu99;
				GCC_NO_COMMON_BLOCKS = YES;
				GCC_WARN_64_TO_32_BIT_CONVERSION = YES;
				GCC_WARN_ABOUT_RETURN_TYPE = YES_ERROR;
				GCC_WARN_UNDECLARED_SELECTOR = YES;
				GCC_WARN_UNINITIALIZED_AUTOS = YES_AGGRESSIVE;
				GCC_WARN_UNUSED_FUNCTION = YES;
				GCC_WARN_UNUSED_VARIABLE = YES;
				IPHONEOS_DEPLOYMENT_TARGET = 10.2;
				MTL_ENABLE_DEBUG_INFO = NO;
				SDKROOT = iphoneos;
				VALIDATE_PRODUCT = YES;
			};
			name = Release;
		};
		62FD52091F4B9DC90022CE66 /* Debug */ = {
			isa = XCBuildConfiguration;
			buildSettings = {
				ASSETCATALOG_COMPILER_APPICON_NAME = AppIcon;
				INFOPLIST_FILE = "Bowling Game/Info.plist";
				LD_RUNPATH_SEARCH_PATHS = "$(inherited) @executable_path/Frameworks";
				PRODUCT_BUNDLE_IDENTIFIER = "com.rhalgravez.Bowling-Game";
				PRODUCT_NAME = "$(TARGET_NAME)";
			};
			name = Debug;
		};
		62FD520A1F4B9DC90022CE66 /* Release */ = {
			isa = XCBuildConfiguration;
			buildSettings = {
				ASSETCATALOG_COMPILER_APPICON_NAME = AppIcon;
				INFOPLIST_FILE = "Bowling Game/Info.plist";
				LD_RUNPATH_SEARCH_PATHS = "$(inherited) @executable_path/Frameworks";
				PRODUCT_BUNDLE_IDENTIFIER = "com.rhalgravez.Bowling-Game";
				PRODUCT_NAME = "$(TARGET_NAME)";
			};
			name = Release;
		};
		62FD520C1F4B9DC90022CE66 /* Debug */ = {
			isa = XCBuildConfiguration;
			buildSettings = {
				BUNDLE_LOADER = "$(TEST_HOST)";
				INFOPLIST_FILE = "Bowling GameTests/Info.plist";
				LD_RUNPATH_SEARCH_PATHS = "$(inherited) @executable_path/Frameworks @loader_path/Frameworks";
				PRODUCT_BUNDLE_IDENTIFIER = "com.rhalgravez.Bowling-GameTests";
				PRODUCT_NAME = "$(TARGET_NAME)";
				TEST_HOST = "$(BUILT_PRODUCTS_DIR)/Bowling Game.app/Bowling Game";
			};
			name = Debug;
		};
		62FD520D1F4B9DC90022CE66 /* Release */ = {
			isa = XCBuildConfiguration;
			buildSettings = {
				BUNDLE_LOADER = "$(TEST_HOST)";
				INFOPLIST_FILE = "Bowling GameTests/Info.plist";
				LD_RUNPATH_SEARCH_PATHS = "$(inherited) @executable_path/Frameworks @loader_path/Frameworks";
				PRODUCT_BUNDLE_IDENTIFIER = "com.rhalgravez.Bowling-GameTests";
				PRODUCT_NAME = "$(TARGET_NAME)";
				TEST_HOST = "$(BUILT_PRODUCTS_DIR)/Bowling Game.app/Bowling Game";
			};
			name = Release;
		};
/* End XCBuildConfiguration section */

/* Begin XCConfigurationList section */
		62FD51E11F4B9DC90022CE66 /* Build configuration list for PBXProject "Bowling Game" */ = {
			isa = XCConfigurationList;
			buildConfigurations = (
				62FD52061F4B9DC90022CE66 /* Debug */,
				62FD52071F4B9DC90022CE66 /* Release */,
			);
			defaultConfigurationIsVisible = 0;
			defaultConfigurationName = Release;
		};
		62FD52081F4B9DC90022CE66 /* Build configuration list for PBXNativeTarget "Bowling Game" */ = {
			isa = XCConfigurationList;
			buildConfigurations = (
				62FD52091F4B9DC90022CE66 /* Debug */,
				62FD520A1F4B9DC90022CE66 /* Release */,
			);
			defaultConfigurationIsVisible = 0;
		};
		62FD520B1F4B9DC90022CE66 /* Build configuration list for PBXNativeTarget "Bowling GameTests" */ = {
			isa = XCConfigurationList;
			buildConfigurations = (
				62FD520C1F4B9DC90022CE66 /* Debug */,
				62FD520D1F4B9DC90022CE66 /* Release */,
			);
			defaultConfigurationIsVisible = 0;
		};
/* End XCConfigurationList section */
	};
	rootObject = 62FD51DE1F4B9DC90022CE66 /* Project object */;
}
